
Microsoft Visual Studio Solution File, Format Version 12.00
# Visual Studio Version 17
VisualStudioVersion = 17.2.32616.157
MinimumVisualStudioVersion = 10.0.40219.1
Project("{FAE04EC0-301F-11D3-BF4B-00C04F79EFBC}") = "YariazenCore", "YariazenCore.csproj", "{7A0762A4-DA08-4E83-975A-C7F0C74687B1}"
EndProject
Global
	GlobalSection(SolutionConfigurationPlatforms) = preSolution
		Debug|Any CPU = Debug|Any CPU
		Release|Any CPU = Release|Any CPU
	EndGlobalSection
	GlobalSection(ProjectConfigurationPlatforms) = postSolution
		{7A0762A4-DA08-4E83-975A-C7F0C74687B1}.Debug|Any CPU.ActiveCfg = Debug|Any CPU
		{7A0762A4-DA08-4E83-975A-C7F0C74687B1}.Debug|Any CPU.Build.0 = Debug|Any CPU
		{7A0762A4-DA08-4E83-975A-C7F0C74687B1}.Release|Any CPU.ActiveCfg = Release|Any CPU
		{7A0762A4-DA08-4E83-975A-C7F0C74687B1}.Release|Any CPU.Build.0 = Release|Any CPU
	EndGlobalSection
	GlobalSection(SolutionProperties) = preSolution
		HideSolutionNode = FALSE
	EndGlobalSection
	GlobalSection(ExtensibilityGlobals) = postSolution
		SolutionGuid = {4226EC9D-4725-4285-B4C2-3D7909B23827}
	EndGlobalSection
EndGlobal
