
Microsoft Visual Studio Solution File, Format Version 12.00
# Visual Studio Version 17
VisualStudioVersion = 17.4.33122.133
MinimumVisualStudioVersion = 10.0.40219.1
Project("{FAE04EC0-301F-11D3-BF4B-00C04F79EFBC}") = "YariazenCore", "YariazenCore.csproj", "{37E0D573-6323-4372-8C2B-A28F0F5A9DDC}"
EndProject
Global
	GlobalSection(SolutionConfigurationPlatforms) = preSolution
		Debug|Any CPU = Debug|Any CPU
		Release|Any CPU = Release|Any CPU
	EndGlobalSection
	GlobalSection(ProjectConfigurationPlatforms) = postSolution
		{37E0D573-6323-4372-8C2B-A28F0F5A9DDC}.Debug|Any CPU.ActiveCfg = Debug|Any CPU
		{37E0D573-6323-4372-8C2B-A28F0F5A9DDC}.Debug|Any CPU.Build.0 = Debug|Any CPU
		{37E0D573-6323-4372-8C2B-A28F0F5A9DDC}.Release|Any CPU.ActiveCfg = Release|Any CPU
		{37E0D573-6323-4372-8C2B-A28F0F5A9DDC}.Release|Any CPU.Build.0 = Release|Any CPU
	EndGlobalSection
	GlobalSection(SolutionProperties) = preSolution
		HideSolutionNode = FALSE
	EndGlobalSection
	GlobalSection(ExtensibilityGlobals) = postSolution
		SolutionGuid = {6AC60F2B-F529-461E-BF60-A443EEA5A544}
	EndGlobalSection
EndGlobal
